
Microsoft Visual Studio Solution File, Format Version 12.00
# Visual Studio Version 16
VisualStudioVersion = 16.0.29519.87
MinimumVisualStudioVersion = 10.0.40219.1
Project("{FAE04EC0-301F-11D3-BF4B-00C04F79EFBC}") = "LostAndFound", "LostAndFound\LostAndFound.csproj", "{5ED0230B-5C63-43BE-BBBF-88728AF6193D}"
EndProject
Global
	GlobalSection(SolutionConfigurationPlatforms) = preSolution
		Debug|Any CPU = Debug|Any CPU
		Release|Any CPU = Release|Any CPU
	EndGlobalSection
	GlobalSection(ProjectConfigurationPlatforms) = postSolution
		{5ED0230B-5C63-43BE-BBBF-88728AF6193D}.Debug|Any CPU.ActiveCfg = Debug|Any CPU
		{5ED0230B-5C63-43BE-BBBF-88728AF6193D}.Debug|Any CPU.Build.0 = Debug|Any CPU
		{5ED0230B-5C63-43BE-BBBF-88728AF6193D}.Release|Any CPU.ActiveCfg = Release|Any CPU
		{5ED0230B-5C63-43BE-BBBF-88728AF6193D}.Release|Any CPU.Build.0 = Release|Any CPU
	EndGlobalSection
	GlobalSection(SolutionProperties) = preSolution
		HideSolutionNode = FALSE
	EndGlobalSection
	GlobalSection(ExtensibilityGlobals) = postSolution
		SolutionGuid = {DE8E4D90-1266-45E0-9FF3-37E3857A6223}
	EndGlobalSection
EndGlobal
